
Microsoft Visual Studio Solution File, Format Version 12.00
# Visual Studio Version 17
VisualStudioVersion = 17.0.32112.339
MinimumVisualStudioVersion = 10.0.40219.1
Project("{FAE04EC0-301F-11D3-BF4B-00C04F79EFBC}") = "DSD.BL", "DSD.BL\DSD.BL.csproj", "{3DA7D994-4318-4805-A3FD-ECB47E7C7177}"
EndProject
Project("{2150E333-8FDC-42A3-9474-1A3956D46DE8}") = "Tests", "Tests", "{55A046E5-146E-4D53-809B-91B4428B2170}"
EndProject
Project("{FAE04EC0-301F-11D3-BF4B-00C04F79EFBC}") = "DSD.BLTest", "Tests\DSD.BLTest\DSD.BLTest.csproj", "{BBFCAAB6-4610-4109-ABEC-822F5210B89D}"
EndProject
Global
	GlobalSection(SolutionConfigurationPlatforms) = preSolution
		Debug|Any CPU = Debug|Any CPU
		Release|Any CPU = Release|Any CPU
	EndGlobalSection
	GlobalSection(ProjectConfigurationPlatforms) = postSolution
		{3DA7D994-4318-4805-A3FD-ECB47E7C7177}.Debug|Any CPU.ActiveCfg = Debug|Any CPU
		{3DA7D994-4318-4805-A3FD-ECB47E7C7177}.Debug|Any CPU.Build.0 = Debug|Any CPU
		{3DA7D994-4318-4805-A3FD-ECB47E7C7177}.Release|Any CPU.ActiveCfg = Release|Any CPU
		{3DA7D994-4318-4805-A3FD-ECB47E7C7177}.Release|Any CPU.Build.0 = Release|Any CPU
		{BBFCAAB6-4610-4109-ABEC-822F5210B89D}.Debug|Any CPU.ActiveCfg = Debug|Any CPU
		{BBFCAAB6-4610-4109-ABEC-822F5210B89D}.Debug|Any CPU.Build.0 = Debug|Any CPU
		{BBFCAAB6-4610-4109-ABEC-822F5210B89D}.Release|Any CPU.ActiveCfg = Release|Any CPU
		{BBFCAAB6-4610-4109-ABEC-822F5210B89D}.Release|Any CPU.Build.0 = Release|Any CPU
	EndGlobalSection
	GlobalSection(SolutionProperties) = preSolution
		HideSolutionNode = FALSE
	EndGlobalSection
	GlobalSection(NestedProjects) = preSolution
		{BBFCAAB6-4610-4109-ABEC-822F5210B89D} = {55A046E5-146E-4D53-809B-91B4428B2170}
	EndGlobalSection
	GlobalSection(ExtensibilityGlobals) = postSolution
		SolutionGuid = {5D73DD1E-2C9A-41C7-98E2-1F6659AFBC68}
	EndGlobalSection
EndGlobal
